// !$*UTF8*$!
{
	archiveVersion = 1;
	classes = {
	};
	objectVersion = 46;
	objects = {

/* Begin PBXBuildFile section */
		5A37F60A1C4C762700F8C6BA /* main.m in Sources */ = {isa = PBXBuildFile; fileRef = 5A37F6091C4C762700F8C6BA /* main.m */; };
		5A37F60D1C4C762700F8C6BA /* AppDelegate.m in Sources */ = {isa = PBXBuildFile; fileRef = 5A37F60C1C4C762700F8C6BA /* AppDelegate.m */; };
		5A37F6101C4C762700F8C6BA /* ViewController.m in Sources */ = {isa = PBXBuildFile; fileRef = 5A37F60F1C4C762700F8C6BA /* ViewController.m */; };
		5A37F6131C4C762700F8C6BA /* Main.storyboard in Resources */ = {isa = PBXBuildFile; fileRef = 5A37F6111C4C762700F8C6BA /* Main.storyboard */; };
		5A37F6151C4C762700F8C6BA /* Assets.xcassets in Resources */ = {isa = PBXBuildFile; fileRef = 5A37F6141C4C762700F8C6BA /* Assets.xcassets */; };
		5A37F6181C4C762700F8C6BA /* LaunchScreen.storyboard in Resources */ = {isa = PBXBuildFile; fileRef = 5A37F6161C4C762700F8C6BA /* LaunchScreen.storyboard */; };
/* End PBXBuildFile section */

/* Begin PBXFileReference section */
		5A37F6051C4C762700F8C6BA /* 拉伸的Header.app */ = {isa = PBXFileReference; explicitFileType = wrapper.application; includeInIndex = 0; path = "拉伸的Header.app"; sourceTree = BUILT_PRODUCTS_DIR; };
		5A37F6091C4C762700F8C6BA /* main.m */ = {isa = PBXFileReference; lastKnownFileType = sourcecode.c.objc; path = main.m; sourceTree = "<group>"; };
		5A37F60B1C4C762700F8C6BA /* AppDelegate.h */ = {isa = PBXFileReference; lastKnownFileType = sourcecode.c.h; path = AppDelegate.h; sourceTree = "<group>"; };
		5A37F60C1C4C762700F8C6BA /* AppDelegate.m */ = {isa = PBXFileReference; lastKnownFileType = sourcecode.c.objc; path = AppDelegate.m; sourceTree = "<group>"; };
		5A37F60E1C4C762700F8C6BA /* ViewController.h */ = {isa = PBXFileReference; lastKnownFileType = sourcecode.c.h; path = ViewController.h; sourceTree = "<group>"; };
		5A37F60F1C4C762700F8C6BA /* ViewController.m */ = {isa = PBXFileReference; lastKnownFileType = sourcecode.c.objc; path = ViewController.m; sourceTree = "<group>"; };
		5A37F6121C4C762700F8C6BA /* Base */ = {isa = PBXFileReference; lastKnownFileType = file.storyboard; name = Base; path = Base.lproj/Main.storyboard; sourceTree = "<group>"; };
		5A37F6141C4C762700F8C6BA /* Assets.xcassets */ = {isa = PBXFileReference; lastKnownFileType = folder.assetcatalog; path = Assets.xcassets; sourceTree = "<group>"; };
		5A37F6171C4C762700F8C6BA /* Base */ = {isa = PBXFileReference; lastKnownFileType = file.storyboard; name = Base; path = Base.lproj/LaunchScreen.storyboard; sourceTree = "<group>"; };
		5A37F6191C4C762700F8C6BA /* Info.plist */ = {isa = PBXFileReference; lastKnownFileType = text.plist.xml; path = Info.plist; sourceTree = "<group>"; };
/* End PBXFileReference section */

/* Begin PBXFrameworksBuildPhase section */
		5A37F6021C4C762700F8C6BA /* Frameworks */ = {
			isa = PBXFrameworksBuildPhase;
			buildActionMask = 2147483647;
			files = (
			);
			runOnlyForDeploymentPostprocessing = 0;
		};
/* End PBXFrameworksBuildPhase section */

/* Begin PBXGroup section */
		5A37F5FC1C4C762700F8C6BA = {
			isa = PBXGroup;
			children = (
				5A37F6071C4C762700F8C6BA /* 拉伸的Header */,
				5A37F6061C4C762700F8C6BA /* Products */,
			);
			sourceTree = "<group>";
		};
		5A37F6061C4C762700F8C6BA /* Products */ = {
			isa = PBXGroup;
			children = (
				5A37F6051C4C762700F8C6BA /* 拉伸的Header.app */,
			);
			name = Products;
			sourceTree = "<group>";
		};
		5A37F6071C4C762700F8C6BA /* 拉伸的Header */ = {
			isa = PBXGroup;
			children = (
				5A37F60B1C4C762700F8C6BA /* AppDelegate.h */,
				5A37F60C1C4C762700F8C6BA /* AppDelegate.m */,
				5A37F60E1C4C762700F8C6BA /* ViewController.h */,
				5A37F60F1C4C762700F8C6BA /* ViewController.m */,
				5A37F6111C4C762700F8C6BA /* Main.storyboard */,
				5A37F6141C4C762700F8C6BA /* Assets.xcassets */,
				5A37F6161C4C762700F8C6BA /* LaunchScreen.storyboard */,
				5A37F6191C4C762700F8C6BA /* Info.plist */,
				5A37F6081C4C762700F8C6BA /* Supporting Files */,
			);
			path = "拉伸的Header";
			sourceTree = "<group>";
		};
		5A37F6081C4C762700F8C6BA /* Supporting Files */ = {
			isa = PBXGroup;
			children = (
				5A37F6091C4C762700F8C6BA /* main.m */,
			);
			name = "Supporting Files";
			sourceTree = "<group>";
		};
/* End PBXGroup section */

/* Begin PBXNativeTarget section */
		5A37F6041C4C762700F8C6BA /* 拉伸的Header */ = {
			isa = PBXNativeTarget;
			buildConfigurationList = 5A37F61C1C4C762700F8C6BA /* Build configuration list for PBXNativeTarget "拉伸的Header" */;
			buildPhases = (
				5A37F6011C4C762700F8C6BA /* Sources */,
				5A37F6021C4C762700F8C6BA /* Frameworks */,
				5A37F6031C4C762700F8C6BA /* Resources */,
			);
			buildRules = (
			);
			dependencies = (
			);
			name = "拉伸的Header";
			productName = "拉伸的Header";
			productReference = 5A37F6051C4C762700F8C6BA /* 拉伸的Header.app */;
			productType = "com.apple.product-type.application";
		};
/* End PBXNativeTarget section */

/* Begin PBXProject section */
		5A37F5FD1C4C762700F8C6BA /* Project object */ = {
			isa = PBXProject;
			attributes = {
				LastUpgradeCheck = 0720;
				ORGANIZATIONNAME = "上海燃耀";
				TargetAttributes = {
					5A37F6041C4C762700F8C6BA = {
						CreatedOnToolsVersion = 7.2;
					};
				};
			};
			buildConfigurationList = 5A37F6001C4C762700F8C6BA /* Build configuration list for PBXProject "拉伸的Header" */;
			compatibilityVersion = "Xcode 3.2";
			developmentRegion = English;
			hasScannedForEncodings = 0;
			knownRegions = (
				en,
				Base,
			);
			mainGroup = 5A37F5FC1C4C762700F8C6BA;
			productRefGroup = 5A37F6061C4C762700F8C6BA /* Products */;
			projectDirPath = "";
			projectRoot = "";
			targets = (
				5A37F6041C4C762700F8C6BA /* 拉伸的Header */,
			);
		};
/* End PBXProject section */

/* Begin PBXResourcesBuildPhase section */
		5A37F6031C4C762700F8C6BA /* Resources */ = {
			isa = PBXResourcesBuildPhase;
			buildActionMask = 2147483647;
			files = (
				5A37F6181C4C762700F8C6BA /* LaunchScreen.storyboard in Resources */,
				5A37F6151C4C762700F8C6BA /* Assets.xcassets in Resources */,
				5A37F6131C4C762700F8C6BA /* Main.storyboard in Resources */,
			);
			runOnlyForDeploymentPostprocessing = 0;
		};
/* End PBXResourcesBuildPhase section */

/* Begin PBXSourcesBuildPhase section */
		5A37F6011C4C762700F8C6BA /* Sources */ = {
			isa = PBXSourcesBuildPhase;
			buildActionMask = 2147483647;
			files = (
				5A37F6101C4C762700F8C6BA /* ViewController.m in Sources */,
				5A37F60D1C4C762700F8C6BA /* AppDelegate.m in Sources */,
				5A37F60A1C4C762700F8C6BA /* main.m in Sources */,
			);
			runOnlyForDeploymentPostprocessing = 0;
		};
/* End PBXSourcesBuildPhase section */

/* Begin PBXVariantGroup section */
		5A37F6111C4C762700F8C6BA /* Main.storyboard */ = {
			isa = PBXVariantGroup;
			children = (
				5A37F6121C4C762700F8C6BA /* Base */,
			);
			name = Main.storyboard;
			sourceTree = "<group>";
		};
		5A37F6161C4C762700F8C6BA /* LaunchScreen.storyboard */ = {
			isa = PBXVariantGroup;
			children = (
				5A37F6171C4C762700F8C6BA /* Base */,
			);
			name = LaunchScreen.storyboard;
			sourceTree = "<group>";
		};
/* End PBXVariantGroup section */

/* Begin XCBuildConfiguration section */
		5A37F61A1C4C762700F8C6BA /* Debug */ = {
			isa = XCBuildConfiguration;
			buildSettings = {
				ALWAYS_SEARCH_USER_PATHS = NO;
				CLANG_CXX_LANGUAGE_STANDARD = "gnu++0x";
				CLANG_CXX_LIBRARY = "libc++";
				CLANG_ENABLE_MODULES = YES;
				CLANG_ENABLE_OBJC_ARC = YES;
				CLANG_WARN_BOOL_CONVERSION = YES;
				CLANG_WARN_CONSTANT_CONVERSION = YES;
				CLANG_WARN_DIRECT_OBJC_ISA_USAGE = YES_ERROR;
				CLANG_WARN_EMPTY_BODY = YES;
				CLANG_WARN_ENUM_CONVERSION = YES;
				CLANG_WARN_INT_CONVERSION = YES;
				CLANG_WARN_OBJC_ROOT_CLASS = YES_ERROR;
				CLANG_WARN_UNREACHABLE_CODE = YES;
				CLANG_WARN__DUPLICATE_METHOD_MATCH = YES;
				"CODE_SIGN_IDENTITY[sdk=iphoneos*]" = "iPhone Developer";
				COPY_PHASE_STRIP = NO;
				DEBUG_INFORMATION_FORMAT = dwarf;
				ENABLE_STRICT_OBJC_MSGSEND = YES;
				ENABLE_TESTABILITY = YES;
				GCC_C_LANGUAGE_STANDARD = gnu99;
				GCC_DYNAMIC_NO_PIC = NO;
				GCC_NO_COMMON_BLOCKS = YES;
				GCC_OPTIMIZATION_LEVEL = 0;
				GCC_PREPROCESSOR_DEFINITIONS = (
					"DEBUG=1",
					"$(inherited)",
				);
				GCC_WARN_64_TO_32_BIT_CONVERSION = YES;
				GCC_WARN_ABOUT_RETURN_TYPE = YES_ERROR;
				GCC_WARN_UNDECLARED_SELECTOR = YES;
				GCC_WARN_UNINITIALIZED_AUTOS = YES_AGGRESSIVE;
				GCC_WARN_UNUSED_FUNCTION = YES;
				GCC_WARN_UNUSED_VARIABLE = YES;
				IPHONEOS_DEPLOYMENT_TARGET = 9.2;
				MTL_ENABLE_DEBUG_INFO = YES;
				ONLY_ACTIVE_ARCH = YES;
				SDKROOT = iphoneos;
				TARGETED_DEVICE_FAMILY = "1,2";
			};
			name = Debug;
		};
		5A37F61B1C4C762700F8C6BA /* Release */ = {
			isa = XCBuildConfiguration;
			buildSettings = {
				ALWAYS_SEARCH_USER_PATHS = NO;
				CLANG_CXX_LANGUAGE_STANDARD = "gnu++0x";
				CLANG_CXX_LIBRARY = "libc++";
				CLANG_ENABLE_MODULES = YES;
				CLANG_ENABLE_OBJC_ARC = YES;
				CLANG_WARN_BOOL_CONVERSION = YES;
				CLANG_WARN_CONSTANT_CONVERSION = YES;
				CLANG_WARN_DIRECT_OBJC_ISA_USAGE = YES_ERROR;
				CLANG_WARN_EMPTY_BODY = YES;
				CLANG_WARN_ENUM_CONVERSION = YES;
				CLANG_WARN_INT_CONVERSION = YES;
				CLANG_WARN_OBJC_ROOT_CLASS = YES_ERROR;
				CLANG_WARN_UNREACHABLE_CODE = YES;
				CLANG_WARN__DUPLICATE_METHOD_MATCH = YES;
				"CODE_SIGN_IDENTITY[sdk=iphoneos*]" = "iPhone Developer";
				COPY_PHASE_STRIP = NO;
				DEBUG_INFORMATION_FORMAT = "dwarf-with-dsym";
				ENABLE_NS_ASSERTIONS = NO;
				ENABLE_STRICT_OBJC_MSGSEND = YES;
				GCC_C_LANGUAGE_STANDARD = gnu99;
				GCC_NO_COMMON_BLOCKS = YES;
				GCC_WARN_64_TO_32_BIT_CONVERSION = YES;
				GCC_WARN_ABOUT_RETURN_TYPE = YES_ERROR;
				GCC_WARN_UNDECLARED_SELECTOR = YES;
				GCC_WARN_UNINITIALIZED_AUTOS = YES_AGGRESSIVE;
				GCC_WARN_UNUSED_FUNCTION = YES;
				GCC_WARN_UNUSED_VARIABLE = YES;
				IPHONEOS_DEPLOYMENT_TARGET = 9.2;
				MTL_ENABLE_DEBUG_INFO = NO;
				SDKROOT = iphoneos;
				TARGETED_DEVICE_FAMILY = "1,2";
				VALIDATE_PRODUCT = YES;
			};
			name = Release;
		};
		5A37F61D1C4C762700F8C6BA /* Debug */ = {
			isa = XCBuildConfiguration;
			buildSettings = {
				ASSETCATALOG_COMPILER_APPICON_NAME = AppIcon;
				INFOPLIST_FILE = "拉伸的Header/Info.plist";
				LD_RUNPATH_SEARCH_PATHS = "$(inherited) @executable_path/Frameworks";
				PRODUCT_BUNDLE_IDENTIFIER = "com.hooray.---Header";
				PRODUCT_NAME = "$(TARGET_NAME)";
			};
			name = Debug;
		};
		5A37F61E1C4C762700F8C6BA /* Release */ = {
			isa = XCBuildConfiguration;
			buildSettings = {
				ASSETCATALOG_COMPILER_APPICON_NAME = AppIcon;
				INFOPLIST_FILE = "拉伸的Header/Info.plist";
				LD_RUNPATH_SEARCH_PATHS = "$(inherited) @executable_path/Frameworks";
				PRODUCT_BUNDLE_IDENTIFIER = "com.hooray.---Header";
				PRODUCT_NAME = "$(TARGET_NAME)";
			};
			name = Release;
		};
/* End XCBuildConfiguration section */

/* Begin XCConfigurationList section */
		5A37F6001C4C762700F8C6BA /* Build configuration list for PBXProject "拉伸的Header" */ = {
			isa = XCConfigurationList;
			buildConfigurations = (
				5A37F61A1C4C762700F8C6BA /* Debug */,
				5A37F61B1C4C762700F8C6BA /* Release */,
			);
			defaultConfigurationIsVisible = 0;
			defaultConfigurationName = Release;
		};
		5A37F61C1C4C762700F8C6BA /* Build configuration list for PBXNativeTarget "拉伸的Header" */ = {
			isa = XCConfigurationList;
			buildConfigurations = (
				5A37F61D1C4C762700F8C6BA /* Debug */,
				5A37F61E1C4C762700F8C6BA /* Release */,
			);
			defaultConfigurationIsVisible = 0;
		};
/* End XCConfigurationList section */
	};
	rootObject = 5A37F5FD1C4C762700F8C6BA /* Project object */;
}
